{
  "version": 4,
  "terraform_version": "1.10.5",
  "serial": 10,
  "lineage": "dd0b89d1-2743-6934-1ed5-8c3519f702c9",
  "outputs": {
    "bastion_connection_details": {
      "value": "ssh -i \u003cprivateKey\u003e -N -L \u003clocalPort\u003e:10.1.10.10:22 -p 22 ocid1.bastionsession.oc1.sa-vinhedo-1.amaaaaaamg5wqjyavgpfihlog6ri2piypvthp6tke6oasv3lufz7c6bpvyyq@host.bastion.sa-vinhedo-1.oci.oraclecloud.com",
      "type": "string"
    },
    "bastion_connection_session_id": {
      "value": "ocid1.bastionsession.oc1.sa-vinhedo-1.amaaaaaamg5wqjyavgpfihlog6ri2piypvthp6tke6oasv3lufz7c6bpvyyq",
      "type": "string"
    }
  },
  "resources": [
    {
      "mode": "data",
      "type": "oci_bastion_bastions",
      "name": "bastion_list",
      "provider": "provider[\"registry.terraform.io/oracle/oci\"]",
      "instances": [
        {
          "schema_version": 0,
          "attributes": {
            "bastion_id": null,
            "bastion_lifecycle_state": null,
            "bastions": [
              {
                "bastion_type": "STANDARD",
                "client_cidr_block_allow_list": [],
                "compartment_id": "ocid1.tenancy.oc1..aaaaaaaad6hn4lqdaucfveokpekhp2djfve3mqb5i6o7uqnnvimgzhg2qvua",
                "defined_tags": {
                  "Oracle-Tags.CreatedBy": "default/vitor.rm@gmail.com",
                  "Oracle-Tags.CreatedOn": "2025-02-04T00:43:10.391Z"
                },
                "dns_proxy_status": "DISABLED",
                "freeform_tags": {},
                "id": "ocid1.bastion.oc1.sa-vinhedo-1.amaaaaaamg5wqjyacfmr6i5cc3ll4miexvpvv2wx7tbj2se4uyz3w5o3ndoa",
                "lifecycle_details": "",
                "max_session_ttl_in_seconds": 0,
                "max_sessions_allowed": 0,
                "name": "vrm_bastion",
                "phone_book_entry": "",
                "private_endpoint_ip_address": "",
                "state": "ACTIVE",
                "static_jump_host_ip_addresses": [],
                "system_tags": {},
                "target_subnet_id": "ocid1.subnet.oc1.sa-vinhedo-1.aaaaaaaatln4rt3ta37s7m723ryexaw6cvea42p427icmvlnlqwq5sf2xouq",
                "target_vcn_id": "ocid1.vcn.oc1.sa-vinhedo-1.amaaaaaamg5wqjyamoxxj4plgx6mzxx3sqyytg3m47d4vbeaw6qesdea4tkq",
                "time_created": "2025-02-04 00:43:14.412 +0000 UTC",
                "time_updated": "2025-02-04 00:45:09.942 +0000 UTC"
              },
              {
                "bastion_type": "STANDARD",
                "client_cidr_block_allow_list": [],
                "compartment_id": "ocid1.tenancy.oc1..aaaaaaaad6hn4lqdaucfveokpekhp2djfve3mqb5i6o7uqnnvimgzhg2qvua",
                "defined_tags": {
                  "Oracle-Tags.CreatedBy": "default/vitor.rm@gmail.com",
                  "Oracle-Tags.CreatedOn": "2025-02-03T22:41:01.905Z"
                },
                "dns_proxy_status": "DISABLED",
                "freeform_tags": {},
                "id": "ocid1.bastion.oc1.sa-vinhedo-1.amaaaaaamg5wqjyav5cvchqw6slzffx3q6undswlootu2saxgsgk2mhl5n5a",
                "lifecycle_details": "",
                "max_session_ttl_in_seconds": 0,
                "max_sessions_allowed": 0,
                "name": "vrm_bastion",
                "phone_book_entry": "",
                "private_endpoint_ip_address": "",
                "state": "DELETED",
                "static_jump_host_ip_addresses": [],
                "system_tags": {},
                "target_subnet_id": "ocid1.subnet.oc1.sa-vinhedo-1.aaaaaaaad64i72oa5sglt675742b4235c2dcjmx2cfyyonp47iu7kgxgvvbq",
                "target_vcn_id": "ocid1.vcn.oc1.sa-vinhedo-1.amaaaaaamg5wqjyaezg7y2a3omghpiil66fdfbbtistsp6bypsym5iaetd2a",
                "time_created": "2025-02-03 22:41:05.66 +0000 UTC",
                "time_updated": "2025-02-04 00:40:51.166 +0000 UTC"
              },
              {
                "bastion_type": "STANDARD",
                "client_cidr_block_allow_list": [],
                "compartment_id": "ocid1.tenancy.oc1..aaaaaaaad6hn4lqdaucfveokpekhp2djfve3mqb5i6o7uqnnvimgzhg2qvua",
                "defined_tags": {
                  "Oracle-Tags.CreatedBy": "default/vitor.rm@gmail.com",
                  "Oracle-Tags.CreatedOn": "2025-02-01T16:12:52.932Z"
                },
                "dns_proxy_status": "DISABLED",
                "freeform_tags": {},
                "id": "ocid1.bastion.oc1.sa-vinhedo-1.amaaaaaamg5wqjyadzitb6junc4s6i6asqglpq4zu6s4ok2t6x5uex5eb3fq",
                "lifecycle_details": "",
                "max_session_ttl_in_seconds": 0,
                "max_sessions_allowed": 0,
                "name": "vrm_bastion",
                "phone_book_entry": "",
                "private_endpoint_ip_address": "",
                "state": "DELETED",
                "static_jump_host_ip_addresses": [],
                "system_tags": {},
                "target_subnet_id": "ocid1.subnet.oc1.sa-vinhedo-1.aaaaaaaakti4g2gi3fbeugk3paxt45rof4n3cu4nyzdwvecapqjobd7kkl7q",
                "target_vcn_id": "ocid1.vcn.oc1.sa-vinhedo-1.amaaaaaamg5wqjyawjhu6li62tuzwkggtzhucgn6yu7o4ohj3sk2i5guetva",
                "time_created": "2025-02-01 16:12:57.02 +0000 UTC",
                "time_updated": "2025-02-03 22:37:41.12 +0000 UTC"
              }
            ],
            "compartment_id": "ocid1.tenancy.oc1..aaaaaaaad6hn4lqdaucfveokpekhp2djfve3mqb5i6o7uqnnvimgzhg2qvua",
            "filter": null,
            "id": "BastionBastionsDataSource-766579083",
            "name": "vrm_bastion"
          },
          "sensitive_attributes": []
        }
      ]
    },
    {
      "mode": "data",
      "type": "oci_bastion_sessions",
      "name": "bastion_sessions_port_forwarding",
      "provider": "provider[\"registry.terraform.io/oracle/oci\"]",
      "instances": [
        {
          "schema_version": 0,
          "attributes": {
            "bastion_id": "ocid1.bastion.oc1.sa-vinhedo-1.amaaaaaamg5wqjyacfmr6i5cc3ll4miexvpvv2wx7tbj2se4uyz3w5o3ndoa",
            "display_name": "vrm_bastion_session_port_forwarding",
            "filter": null,
            "id": "BastionSessionsDataSource-2124581607",
            "session_id": "ocid1.bastionsession.oc1.sa-vinhedo-1.amaaaaaamg5wqjyavgpfihlog6ri2piypvthp6tke6oasv3lufz7c6bpvyyq",
            "session_lifecycle_state": "ACTIVE",
            "sessions": [
              {
                "bastion_id": "ocid1.bastion.oc1.sa-vinhedo-1.amaaaaaamg5wqjyacfmr6i5cc3ll4miexvpvv2wx7tbj2se4uyz3w5o3ndoa",
                "bastion_name": "vrm_bastion",
                "bastion_public_host_key_info": "",
                "bastion_user_name": "",
                "display_name": "vrm_bastion_session_port_forwarding",
                "id": "ocid1.bastionsession.oc1.sa-vinhedo-1.amaaaaaamg5wqjyavgpfihlog6ri2piypvthp6tke6oasv3lufz7c6bpvyyq",
                "key_details": [],
                "key_type": "",
                "lifecycle_details": "",
                "session_ttl_in_seconds": 1800,
                "ssh_metadata": {},
                "state": "ACTIVE",
                "target_resource_details": [
                  {
                    "session_type": "PORT_FORWARDING",
                    "target_resource_display_name": "",
                    "target_resource_fqdn": "",
                    "target_resource_id": "ocid1.instance.oc1.sa-vinhedo-1.an3ggljrmg5wqjycf7gnunapbhyark74n55y75o6fkvzlx2cboegp7wnuv3a",
                    "target_resource_operating_system_user_name": "",
                    "target_resource_port": 22,
                    "target_resource_private_ip_address": "10.1.10.10"
                  }
                ],
                "time_created": "2025-02-04 22:01:46.947 +0000 UTC",
                "time_updated": "2025-02-04 22:01:57.825 +0000 UTC"
              }
            ]
          },
          "sensitive_attributes": []
        }
      ]
    },
    {
      "mode": "data",
      "type": "oci_core_instances",
      "name": "instances_list",
      "provider": "provider[\"registry.terraform.io/oracle/oci\"]",
      "instances": [
        {
          "schema_version": 0,
          "attributes": {
            "availability_domain": null,
            "capacity_reservation_id": null,
            "compartment_id": "ocid1.tenancy.oc1..aaaaaaaad6hn4lqdaucfveokpekhp2djfve3mqb5i6o7uqnnvimgzhg2qvua",
            "compute_cluster_id": null,
            "display_name": "vrm-cloud-server",
            "filter": null,
            "id": "CoreInstancesDataSource-433741910",
            "instances": [
              {
                "agent_config": [
                  {
                    "are_all_plugins_disabled": false,
                    "is_management_disabled": false,
                    "is_monitoring_disabled": false,
                    "plugins_config": [
                      {
                        "desired_state": "ENABLED",
                        "name": "Bastion"
                      }
                    ]
                  }
                ],
                "async": false,
                "availability_config": [
                  {
                    "is_live_migration_preferred": false,
                    "recovery_action": "RESTORE_INSTANCE"
                  }
                ],
                "availability_domain": "zRLa:SA-VINHEDO-1-AD-1",
                "boot_volume_id": "",
                "capacity_reservation_id": "",
                "cluster_placement_group_id": "",
                "compartment_id": "ocid1.tenancy.oc1..aaaaaaaad6hn4lqdaucfveokpekhp2djfve3mqb5i6o7uqnnvimgzhg2qvua",
                "compute_cluster_id": "",
                "create_vnic_details": [],
                "dedicated_vm_host_id": "",
                "defined_tags": {
                  "Oracle-Tags.CreatedBy": "default/vitor.rm@gmail.com",
                  "Oracle-Tags.CreatedOn": "2025-02-04T17:23:02.626Z"
                },
                "display_name": "vrm-cloud-server",
                "extended_metadata": {},
                "fault_domain": "FAULT-DOMAIN-3",
                "freeform_tags": {},
                "hostname_label": "",
                "id": "ocid1.instance.oc1.sa-vinhedo-1.an3ggljrmg5wqjycf7gnunapbhyark74n55y75o6fkvzlx2cboegp7wnuv3a",
                "image": "ocid1.image.oc1.sa-vinhedo-1.aaaaaaaa4mm4litl3x5b3ln7zjvy7ujtxpxc5yfqhdgdgrbfuu7iqynwjc2q",
                "instance_configuration_id": "",
                "instance_options": [
                  {
                    "are_legacy_imds_endpoints_disabled": false
                  }
                ],
                "ipxe_script": "",
                "is_cross_numa_node": false,
                "is_pv_encryption_in_transit_enabled": false,
                "launch_mode": "PARAVIRTUALIZED",
                "launch_options": [
                  {
                    "boot_volume_type": "PARAVIRTUALIZED",
                    "firmware": "UEFI_64",
                    "is_consistent_volume_naming_enabled": true,
                    "is_pv_encryption_in_transit_enabled": false,
                    "network_type": "PARAVIRTUALIZED",
                    "remote_data_volume_type": "PARAVIRTUALIZED"
                  }
                ],
                "launch_volume_attachments": [],
                "licensing_configs": [],
                "metadata": {
                  "ssh_authorized_keys": "ssh-rsa AAAAB3NzaC1yc2EAAAADAQABAAABgQC12WtkQtyAVK2ASkXOQboumea7veYKsiTKMewp/J69iaj/N+TcDqVHvG95NRVUfXY/ZZGshex3OaHD5/4Qxw+d9eTXC9G7V1wAGO0wNqQ2foD2NGzaNfoHTOXJjIdkYtCb9B/Pr6NeTpg3vdbR4VZm2A8SEkmZZEw9lzRywyJidVX0a+BVookpY4mYAI0l7/q5cOpE0nHmS8lbNCcUwrEb/r/MyS4/W8SWiTjBMdf8x1JE5Mf9Y8O+zEdD9niYeuduyanf95mohXbwif4iQi0hvrVBe772dkUiahbgG9sLs0M3O5lLWSwJZgCvk0JNuRL1aSILm0vf/apJUJ9f/HML7qhiMTr7YmGPSkiUNbhq0jIDsVMkOJJzmvyI9ZhNs8TZJmuQPP8AINAi7k2QAln0nNx4Zt8k3Rs2PZnebViMX/Dkqps2oYYBlJoLEqBjY16fu8nkXNOiD+4OFQqqpR1EIL+kizEEh8j/5ON5nmQNNLLER1KnuTI/I02Gqgkzrts= vitorrm@DESKTOP-B4AQF72"
                },
                "platform_config": [],
                "preemptible_instance_config": [],
                "preserve_boot_volume": false,
                "preserve_data_volumes_created_at_launch": false,
                "private_ip": "",
                "public_ip": "",
                "region": "sa-vinhedo-1",
                "security_attributes": {},
                "security_attributes_state": "STABLE",
                "shape": "VM.Standard.A1.Flex",
                "shape_config": [
                  {
                    "baseline_ocpu_utilization": "",
                    "gpu_description": "",
                    "gpus": 0,
                    "local_disk_description": "",
                    "local_disks": 0,
                    "local_disks_total_size_in_gbs": 0,
                    "max_vnic_attachments": 4,
                    "memory_in_gbs": 24,
                    "networking_bandwidth_in_gbps": 4,
                    "nvmes": 0,
                    "ocpus": 4,
                    "processor_description": "3.0 GHz Ampere® Altra™",
                    "vcpus": 4
                  }
                ],
                "source_details": [
                  {
                    "boot_volume_size_in_gbs": "",
                    "boot_volume_vpus_per_gb": "10",
                    "instance_source_image_filter_details": [],
                    "is_preserve_boot_volume_enabled": false,
                    "kms_key_id": "",
                    "source_id": "ocid1.image.oc1.sa-vinhedo-1.aaaaaaaa4mm4litl3x5b3ln7zjvy7ujtxpxc5yfqhdgdgrbfuu7iqynwjc2q",
                    "source_type": "image"
                  }
                ],
                "state": "RUNNING",
                "subnet_id": "",
                "system_tags": {},
                "time_created": "2025-02-04 17:23:03.123 +0000 UTC",
                "time_maintenance_reboot_due": "",
                "update_operation_constraint": ""
              }
            ],
            "state": "RUNNING"
          },
          "sensitive_attributes": []
        }
      ]
    },
    {
      "mode": "managed",
      "type": "oci_bastion_session",
      "name": "session_port_forwarding",
      "provider": "provider[\"registry.terraform.io/oracle/oci\"]",
      "instances": [
        {
          "schema_version": 0,
          "attributes": {
            "bastion_id": "ocid1.bastion.oc1.sa-vinhedo-1.amaaaaaamg5wqjyacfmr6i5cc3ll4miexvpvv2wx7tbj2se4uyz3w5o3ndoa",
            "bastion_name": "vrm_bastion",
            "bastion_public_host_key_info": null,
            "bastion_user_name": "ocid1.bastionsession.oc1.sa-vinhedo-1.amaaaaaamg5wqjyavgpfihlog6ri2piypvthp6tke6oasv3lufz7c6bpvyyq",
            "display_name": "vrm_bastion_session_port_forwarding",
            "id": "ocid1.bastionsession.oc1.sa-vinhedo-1.amaaaaaamg5wqjyavgpfihlog6ri2piypvthp6tke6oasv3lufz7c6bpvyyq",
            "key_details": [
              {
                "public_key_content": "ssh-rsa AAAAB3NzaC1yc2EAAAADAQABAAABgQC12WtkQtyAVK2ASkXOQboumea7veYKsiTKMewp/J69iaj/N+TcDqVHvG95NRVUfXY/ZZGshex3OaHD5/4Qxw+d9eTXC9G7V1wAGO0wNqQ2foD2NGzaNfoHTOXJjIdkYtCb9B/Pr6NeTpg3vdbR4VZm2A8SEkmZZEw9lzRywyJidVX0a+BVookpY4mYAI0l7/q5cOpE0nHmS8lbNCcUwrEb/r/MyS4/W8SWiTjBMdf8x1JE5Mf9Y8O+zEdD9niYeuduyanf95mohXbwif4iQi0hvrVBe772dkUiahbgG9sLs0M3O5lLWSwJZgCvk0JNuRL1aSILm0vf/apJUJ9f/HML7qhiMTr7YmGPSkiUNbhq0jIDsVMkOJJzmvyI9ZhNs8TZJmuQPP8AINAi7k2QAln0nNx4Zt8k3Rs2PZnebViMX/Dkqps2oYYBlJoLEqBjY16fu8nkXNOiD+4OFQqqpR1EIL+kizEEh8j/5ON5nmQNNLLER1KnuTI/I02Gqgkzrts= vitorrm@DESKTOP-B4AQF72"
              }
            ],
            "key_type": "PUB",
            "lifecycle_details": null,
            "session_ttl_in_seconds": 1800,
            "ssh_metadata": {
              "command": "ssh -i \u003cprivateKey\u003e -N -L \u003clocalPort\u003e:10.1.10.10:22 -p 22 ocid1.bastionsession.oc1.sa-vinhedo-1.amaaaaaamg5wqjyavgpfihlog6ri2piypvthp6tke6oasv3lufz7c6bpvyyq@host.bastion.sa-vinhedo-1.oci.oraclecloud.com"
            },
            "state": "ACTIVE",
            "target_resource_details": [
              {
                "session_type": "PORT_FORWARDING",
                "target_resource_display_name": "",
                "target_resource_fqdn": "",
                "target_resource_id": "ocid1.instance.oc1.sa-vinhedo-1.an3ggljrmg5wqjycf7gnunapbhyark74n55y75o6fkvzlx2cboegp7wnuv3a",
                "target_resource_operating_system_user_name": "",
                "target_resource_port": 22,
                "target_resource_private_ip_address": "10.1.10.10"
              }
            ],
            "time_created": "2025-02-04 22:01:46.947 +0000 UTC",
            "time_updated": "2025-02-04 22:01:57.825 +0000 UTC",
            "timeouts": null
          },
          "sensitive_attributes": [],
          "private": "eyJlMmJmYjczMC1lY2FhLTExZTYtOGY4OC0zNDM2M2JjN2M0YzAiOnsiY3JlYXRlIjoxMjAwMDAwMDAwMDAwLCJkZWxldGUiOjEyMDAwMDAwMDAwMDAsInVwZGF0ZSI6MTIwMDAwMDAwMDAwMH19",
          "dependencies": [
            "data.oci_bastion_bastions.bastion_list",
            "data.oci_core_instances.instances_list"
          ]
        }
      ]
    }
  ],
  "check_results": null
}
